// !$*UTF8*$!
{
	archiveVersion = 1;
	classes = {
	};
	objectVersion = 46;
	objects = {

/* Begin PBXBuildFile section */
		0029D2801D265AC9008F1128 /* AppDelegate.swift in Sources */ = {isa = PBXBuildFile; fileRef = 0029D27F1D265AC9008F1128 /* AppDelegate.swift */; };
		0029D2821D265AC9008F1128 /* ViewController.swift in Sources */ = {isa = PBXBuildFile; fileRef = 0029D2811D265AC9008F1128 /* ViewController.swift */; };
		0029D2851D265AC9008F1128 /* Main.storyboard in Resources */ = {isa = PBXBuildFile; fileRef = 0029D2831D265AC9008F1128 /* Main.storyboard */; };
		0029D2871D265AC9008F1128 /* Assets.xcassets in Resources */ = {isa = PBXBuildFile; fileRef = 0029D2861D265AC9008F1128 /* Assets.xcassets */; };
		0029D28A1D265AC9008F1128 /* LaunchScreen.storyboard in Resources */ = {isa = PBXBuildFile; fileRef = 0029D2881D265AC9008F1128 /* LaunchScreen.storyboard */; };
		0029D2951D265AC9008F1128 /* SQLiteTests.swift in Sources */ = {isa = PBXBuildFile; fileRef = 0029D2941D265AC9008F1128 /* SQLiteTests.swift */; };
		0029D2A01D265AC9008F1128 /* SQLiteUITests.swift in Sources */ = {isa = PBXBuildFile; fileRef = 0029D29F1D265AC9008F1128 /* SQLiteUITests.swift */; };
		0029D2AE1D265B61008F1128 /* libsqlite3.0.tbd in Frameworks */ = {isa = PBXBuildFile; fileRef = 0029D2AD1D265B61008F1128 /* libsqlite3.0.tbd */; };
		009C22B01D29EA1B006574CF /* SQLiteDB.swift in Sources */ = {isa = PBXBuildFile; fileRef = 009C22AD1D29EA1A006574CF /* SQLiteDB.swift */; };
		009C22B11D29EA1B006574CF /* SQLTable.swift in Sources */ = {isa = PBXBuildFile; fileRef = 009C22AE1D29EA1A006574CF /* SQLTable.swift */; };
		009C22B21D29EA1B006574CF /* String-Extras.swift in Sources */ = {isa = PBXBuildFile; fileRef = 009C22AF1D29EA1A006574CF /* String-Extras.swift */; };
		009C22B41D29EA26006574CF /* data.db in Resources */ = {isa = PBXBuildFile; fileRef = 009C22B31D29EA26006574CF /* data.db */; };
/* End PBXBuildFile section */

/* Begin PBXContainerItemProxy section */
		0029D2911D265AC9008F1128 /* PBXContainerItemProxy */ = {
			isa = PBXContainerItemProxy;
			containerPortal = 0029D2741D265AC9008F1128 /* Project object */;
			proxyType = 1;
			remoteGlobalIDString = 0029D27B1D265AC9008F1128;
			remoteInfo = SQLite;
		};
		0029D29C1D265AC9008F1128 /* PBXContainerItemProxy */ = {
			isa = PBXContainerItemProxy;
			containerPortal = 0029D2741D265AC9008F1128 /* Project object */;
			proxyType = 1;
			remoteGlobalIDString = 0029D27B1D265AC9008F1128;
			remoteInfo = SQLite;
		};
/* End PBXContainerItemProxy section */

/* Begin PBXFileReference section */
		0029D27C1D265AC9008F1128 /* SQLite.app */ = {isa = PBXFileReference; explicitFileType = wrapper.application; includeInIndex = 0; path = SQLite.app; sourceTree = BUILT_PRODUCTS_DIR; };
		0029D27F1D265AC9008F1128 /* AppDelegate.swift */ = {isa = PBXFileReference; lastKnownFileType = sourcecode.swift; path = AppDelegate.swift; sourceTree = "<group>"; };
		0029D2811D265AC9008F1128 /* ViewController.swift */ = {isa = PBXFileReference; lastKnownFileType = sourcecode.swift; path = ViewController.swift; sourceTree = "<group>"; };
		0029D2841D265AC9008F1128 /* Base */ = {isa = PBXFileReference; lastKnownFileType = file.storyboard; name = Base; path = Base.lproj/Main.storyboard; sourceTree = "<group>"; };
		0029D2861D265AC9008F1128 /* Assets.xcassets */ = {isa = PBXFileReference; lastKnownFileType = folder.assetcatalog; path = Assets.xcassets; sourceTree = "<group>"; };
		0029D2891D265AC9008F1128 /* Base */ = {isa = PBXFileReference; lastKnownFileType = file.storyboard; name = Base; path = Base.lproj/LaunchScreen.storyboard; sourceTree = "<group>"; };
		0029D28B1D265AC9008F1128 /* Info.plist */ = {isa = PBXFileReference; lastKnownFileType = text.plist.xml; path = Info.plist; sourceTree = "<group>"; };
		0029D2901D265AC9008F1128 /* SQLiteTests.xctest */ = {isa = PBXFileReference; explicitFileType = wrapper.cfbundle; includeInIndex = 0; path = SQLiteTests.xctest; sourceTree = BUILT_PRODUCTS_DIR; };
		0029D2941D265AC9008F1128 /* SQLiteTests.swift */ = {isa = PBXFileReference; lastKnownFileType = sourcecode.swift; path = SQLiteTests.swift; sourceTree = "<group>"; };
		0029D2961D265AC9008F1128 /* Info.plist */ = {isa = PBXFileReference; lastKnownFileType = text.plist.xml; path = Info.plist; sourceTree = "<group>"; };
		0029D29B1D265AC9008F1128 /* SQLiteUITests.xctest */ = {isa = PBXFileReference; explicitFileType = wrapper.cfbundle; includeInIndex = 0; path = SQLiteUITests.xctest; sourceTree = BUILT_PRODUCTS_DIR; };
		0029D29F1D265AC9008F1128 /* SQLiteUITests.swift */ = {isa = PBXFileReference; lastKnownFileType = sourcecode.swift; path = SQLiteUITests.swift; sourceTree = "<group>"; };
		0029D2A11D265AC9008F1128 /* Info.plist */ = {isa = PBXFileReference; lastKnownFileType = text.plist.xml; path = Info.plist; sourceTree = "<group>"; };
		0029D2AD1D265B61008F1128 /* libsqlite3.0.tbd */ = {isa = PBXFileReference; lastKnownFileType = "sourcecode.text-based-dylib-definition"; name = libsqlite3.0.tbd; path = usr/lib/libsqlite3.0.tbd; sourceTree = SDKROOT; };
		009C22A91D29E70B006574CF /* Header.h */ = {isa = PBXFileReference; lastKnownFileType = sourcecode.c.h; path = Header.h; sourceTree = "<group>"; };
		009C22AD1D29EA1A006574CF /* SQLiteDB.swift */ = {isa = PBXFileReference; fileEncoding = 4; lastKnownFileType = sourcecode.swift; path = SQLiteDB.swift; sourceTree = "<group>"; };
		009C22AE1D29EA1A006574CF /* SQLTable.swift */ = {isa = PBXFileReference; fileEncoding = 4; lastKnownFileType = sourcecode.swift; path = SQLTable.swift; sourceTree = "<group>"; };
		009C22AF1D29EA1A006574CF /* String-Extras.swift */ = {isa = PBXFileReference; fileEncoding = 4; lastKnownFileType = sourcecode.swift; path = "String-Extras.swift"; sourceTree = "<group>"; };
		009C22B31D29EA26006574CF /* data.db */ = {isa = PBXFileReference; fileEncoding = 4; lastKnownFileType = text; name = data.db; path = ../../Downloads/hangge_645/data.db; sourceTree = "<group>"; };
/* End PBXFileReference section */

/* Begin PBXFrameworksBuildPhase section */
		0029D2791D265AC9008F1128 /* Frameworks */ = {
			isa = PBXFrameworksBuildPhase;
			buildActionMask = 2147483647;
			files = (
				0029D2AE1D265B61008F1128 /* libsqlite3.0.tbd in Frameworks */,
			);
			runOnlyForDeploymentPostprocessing = 0;
		};
		0029D28D1D265AC9008F1128 /* Frameworks */ = {
			isa = PBXFrameworksBuildPhase;
			buildActionMask = 2147483647;
			files = (
			);
			runOnlyForDeploymentPostprocessing = 0;
		};
		0029D2981D265AC9008F1128 /* Frameworks */ = {
			isa = PBXFrameworksBuildPhase;
			buildActionMask = 2147483647;
			files = (
			);
			runOnlyForDeploymentPostprocessing = 0;
		};
/* End PBXFrameworksBuildPhase section */

/* Begin PBXGroup section */
		0029D2731D265AC9008F1128 = {
			isa = PBXGroup;
			children = (
				0029D2AD1D265B61008F1128 /* libsqlite3.0.tbd */,
				009C22B31D29EA26006574CF /* data.db */,
				009C22AC1D29EA1A006574CF /* SQLiteDB */,
				0029D27E1D265AC9008F1128 /* SQLite */,
				0029D2931D265AC9008F1128 /* SQLiteTests */,
				0029D29E1D265AC9008F1128 /* SQLiteUITests */,
				0029D27D1D265AC9008F1128 /* Products */,
			);
			sourceTree = "<group>";
		};
		0029D27D1D265AC9008F1128 /* Products */ = {
			isa = PBXGroup;
			children = (
				0029D27C1D265AC9008F1128 /* SQLite.app */,
				0029D2901D265AC9008F1128 /* SQLiteTests.xctest */,
				0029D29B1D265AC9008F1128 /* SQLiteUITests.xctest */,
			);
			name = Products;
			sourceTree = "<group>";
		};
		0029D27E1D265AC9008F1128 /* SQLite */ = {
			isa = PBXGroup;
			children = (
				0029D27F1D265AC9008F1128 /* AppDelegate.swift */,
				0029D2811D265AC9008F1128 /* ViewController.swift */,
				0029D2831D265AC9008F1128 /* Main.storyboard */,
				0029D2861D265AC9008F1128 /* Assets.xcassets */,
				0029D2881D265AC9008F1128 /* LaunchScreen.storyboard */,
				0029D28B1D265AC9008F1128 /* Info.plist */,
				009C22A91D29E70B006574CF /* Header.h */,
			);
			path = SQLite;
			sourceTree = "<group>";
		};
		0029D2931D265AC9008F1128 /* SQLiteTests */ = {
			isa = PBXGroup;
			children = (
				0029D2941D265AC9008F1128 /* SQLiteTests.swift */,
				0029D2961D265AC9008F1128 /* Info.plist */,
			);
			path = SQLiteTests;
			sourceTree = "<group>";
		};
		0029D29E1D265AC9008F1128 /* SQLiteUITests */ = {
			isa = PBXGroup;
			children = (
				0029D29F1D265AC9008F1128 /* SQLiteUITests.swift */,
				0029D2A11D265AC9008F1128 /* Info.plist */,
			);
			path = SQLiteUITests;
			sourceTree = "<group>";
		};
		009C22AC1D29EA1A006574CF /* SQLiteDB */ = {
			isa = PBXGroup;
			children = (
				009C22AD1D29EA1A006574CF /* SQLiteDB.swift */,
				009C22AE1D29EA1A006574CF /* SQLTable.swift */,
				009C22AF1D29EA1A006574CF /* String-Extras.swift */,
			);
			name = SQLiteDB;
			path = ../../Downloads/hangge_645/SQLiteDB;
			sourceTree = "<group>";
		};
/* End PBXGroup section */

/* Begin PBXNativeTarget section */
		0029D27B1D265AC9008F1128 /* SQLite */ = {
			isa = PBXNativeTarget;
			buildConfigurationList = 0029D2A41D265AC9008F1128 /* Build configuration list for PBXNativeTarget "SQLite" */;
			buildPhases = (
				0029D2781D265AC9008F1128 /* Sources */,
				0029D2791D265AC9008F1128 /* Frameworks */,
				0029D27A1D265AC9008F1128 /* Resources */,
			);
			buildRules = (
			);
			dependencies = (
			);
			name = SQLite;
			productName = SQLite;
			productReference = 0029D27C1D265AC9008F1128 /* SQLite.app */;
			productType = "com.apple.product-type.application";
		};
		0029D28F1D265AC9008F1128 /* SQLiteTests */ = {
			isa = PBXNativeTarget;
			buildConfigurationList = 0029D2A71D265AC9008F1128 /* Build configuration list for PBXNativeTarget "SQLiteTests" */;
			buildPhases = (
				0029D28C1D265AC9008F1128 /* Sources */,
				0029D28D1D265AC9008F1128 /* Frameworks */,
				0029D28E1D265AC9008F1128 /* Resources */,
			);
			buildRules = (
			);
			dependencies = (
				0029D2921D265AC9008F1128 /* PBXTargetDependency */,
			);
			name = SQLiteTests;
			productName = SQLiteTests;
			productReference = 0029D2901D265AC9008F1128 /* SQLiteTests.xctest */;
			productType = "com.apple.product-type.bundle.unit-test";
		};
		0029D29A1D265AC9008F1128 /* SQLiteUITests */ = {
			isa = PBXNativeTarget;
			buildConfigurationList = 0029D2AA1D265AC9008F1128 /* Build configuration list for PBXNativeTarget "SQLiteUITests" */;
			buildPhases = (
				0029D2971D265AC9008F1128 /* Sources */,
				0029D2981D265AC9008F1128 /* Frameworks */,
				0029D2991D265AC9008F1128 /* Resources */,
			);
			buildRules = (
			);
			dependencies = (
				0029D29D1D265AC9008F1128 /* PBXTargetDependency */,
			);
			name = SQLiteUITests;
			productName = SQLiteUITests;
			productReference = 0029D29B1D265AC9008F1128 /* SQLiteUITests.xctest */;
			productType = "com.apple.product-type.bundle.ui-testing";
		};
/* End PBXNativeTarget section */

/* Begin PBXProject section */
		0029D2741D265AC9008F1128 /* Project object */ = {
			isa = PBXProject;
			attributes = {
				LastSwiftUpdateCheck = 0730;
				LastUpgradeCheck = 0730;
				ORGANIZATIONNAME = 20141105073;
				TargetAttributes = {
					0029D27B1D265AC9008F1128 = {
						CreatedOnToolsVersion = 7.3.1;
					};
					0029D28F1D265AC9008F1128 = {
						CreatedOnToolsVersion = 7.3.1;
						TestTargetID = 0029D27B1D265AC9008F1128;
					};
					0029D29A1D265AC9008F1128 = {
						CreatedOnToolsVersion = 7.3.1;
						TestTargetID = 0029D27B1D265AC9008F1128;
					};
				};
			};
			buildConfigurationList = 0029D2771D265AC9008F1128 /* Build configuration list for PBXProject "SQLite" */;
			compatibilityVersion = "Xcode 3.2";
			developmentRegion = English;
			hasScannedForEncodings = 0;
			knownRegions = (
				en,
				Base,
			);
			mainGroup = 0029D2731D265AC9008F1128;
			productRefGroup = 0029D27D1D265AC9008F1128 /* Products */;
			projectDirPath = "";
			projectRoot = "";
			targets = (
				0029D27B1D265AC9008F1128 /* SQLite */,
				0029D28F1D265AC9008F1128 /* SQLiteTests */,
				0029D29A1D265AC9008F1128 /* SQLiteUITests */,
			);
		};
/* End PBXProject section */

/* Begin PBXResourcesBuildPhase section */
		0029D27A1D265AC9008F1128 /* Resources */ = {
			isa = PBXResourcesBuildPhase;
			buildActionMask = 2147483647;
			files = (
				0029D28A1D265AC9008F1128 /* LaunchScreen.storyboard in Resources */,
				009C22B41D29EA26006574CF /* data.db in Resources */,
				0029D2871D265AC9008F1128 /* Assets.xcassets in Resources */,
				0029D2851D265AC9008F1128 /* Main.storyboard in Resources */,
			);
			runOnlyForDeploymentPostprocessing = 0;
		};
		0029D28E1D265AC9008F1128 /* Resources */ = {
			isa = PBXResourcesBuildPhase;
			buildActionMask = 2147483647;
			files = (
			);
			runOnlyForDeploymentPostprocessing = 0;
		};
		0029D2991D265AC9008F1128 /* Resources */ = {
			isa = PBXResourcesBuildPhase;
			buildActionMask = 2147483647;
			files = (
			);
			runOnlyForDeploymentPostprocessing = 0;
		};
/* End PBXResourcesBuildPhase section */

/* Begin PBXSourcesBuildPhase section */
		0029D2781D265AC9008F1128 /* Sources */ = {
			isa = PBXSourcesBuildPhase;
			buildActionMask = 2147483647;
			files = (
				009C22B21D29EA1B006574CF /* String-Extras.swift in Sources */,
				009C22B01D29EA1B006574CF /* SQLiteDB.swift in Sources */,
				009C22B11D29EA1B006574CF /* SQLTable.swift in Sources */,
				0029D2821D265AC9008F1128 /* ViewController.swift in Sources */,
				0029D2801D265AC9008F1128 /* AppDelegate.swift in Sources */,
			);
			runOnlyForDeploymentPostprocessing = 0;
		};
		0029D28C1D265AC9008F1128 /* Sources */ = {
			isa = PBXSourcesBuildPhase;
			buildActionMask = 2147483647;
			files = (
				0029D2951D265AC9008F1128 /* SQLiteTests.swift in Sources */,
			);
			runOnlyForDeploymentPostprocessing = 0;
		};
		0029D2971D265AC9008F1128 /* Sources */ = {
			isa = PBXSourcesBuildPhase;
			buildActionMask = 2147483647;
			files = (
				0029D2A01D265AC9008F1128 /* SQLiteUITests.swift in Sources */,
			);
			runOnlyForDeploymentPostprocessing = 0;
		};
/* End PBXSourcesBuildPhase section */

/* Begin PBXTargetDependency section */
		0029D2921D265AC9008F1128 /* PBXTargetDependency */ = {
			isa = PBXTargetDependency;
			target = 0029D27B1D265AC9008F1128 /* SQLite */;
			targetProxy = 0029D2911D265AC9008F1128 /* PBXContainerItemProxy */;
		};
		0029D29D1D265AC9008F1128 /* PBXTargetDependency */ = {
			isa = PBXTargetDependency;
			target = 0029D27B1D265AC9008F1128 /* SQLite */;
			targetProxy = 0029D29C1D265AC9008F1128 /* PBXContainerItemProxy */;
		};
/* End PBXTargetDependency section */

/* Begin PBXVariantGroup section */
		0029D2831D265AC9008F1128 /* Main.storyboard */ = {
			isa = PBXVariantGroup;
			children = (
				0029D2841D265AC9008F1128 /* Base */,
			);
			name = Main.storyboard;
			sourceTree = "<group>";
		};
		0029D2881D265AC9008F1128 /* LaunchScreen.storyboard */ = {
			isa = PBXVariantGroup;
			children = (
				0029D2891D265AC9008F1128 /* Base */,
			);
			name = LaunchScreen.storyboard;
			sourceTree = "<group>";
		};
/* End PBXVariantGroup section */

/* Begin XCBuildConfiguration section */
		0029D2A21D265AC9008F1128 /* Debug */ = {
			isa = XCBuildConfiguration;
			buildSettings = {
				ALWAYS_SEARCH_USER_PATHS = NO;
				CLANG_ANALYZER_NONNULL = YES;
				CLANG_CXX_LANGUAGE_STANDARD = "gnu++0x";
				CLANG_CXX_LIBRARY = "libc++";
				CLANG_ENABLE_MODULES = YES;
				CLANG_ENABLE_OBJC_ARC = YES;
				CLANG_WARN_BOOL_CONVERSION = YES;
				CLANG_WARN_CONSTANT_CONVERSION = YES;
				CLANG_WARN_DIRECT_OBJC_ISA_USAGE = YES_ERROR;
				CLANG_WARN_EMPTY_BODY = YES;
				CLANG_WARN_ENUM_CONVERSION = YES;
				CLANG_WARN_INT_CONVERSION = YES;
				CLANG_WARN_OBJC_ROOT_CLASS = YES_ERROR;
				CLANG_WARN_UNREACHABLE_CODE = YES;
				CLANG_WARN__DUPLICATE_METHOD_MATCH = YES;
				"CODE_SIGN_IDENTITY[sdk=iphoneos*]" = "iPhone Developer";
				COPY_PHASE_STRIP = NO;
				DEBUG_INFORMATION_FORMAT = dwarf;
				ENABLE_STRICT_OBJC_MSGSEND = YES;
				ENABLE_TESTABILITY = YES;
				GCC_C_LANGUAGE_STANDARD = gnu99;
				GCC_DYNAMIC_NO_PIC = NO;
				GCC_NO_COMMON_BLOCKS = YES;
				GCC_OPTIMIZATION_LEVEL = 0;
				GCC_PREPROCESSOR_DEFINITIONS = (
					"DEBUG=1",
					"$(inherited)",
				);
				GCC_WARN_64_TO_32_BIT_CONVERSION = YES;
				GCC_WARN_ABOUT_RETURN_TYPE = YES_ERROR;
				GCC_WARN_UNDECLARED_SELECTOR = YES;
				GCC_WARN_UNINITIALIZED_AUTOS = YES_AGGRESSIVE;
				GCC_WARN_UNUSED_FUNCTION = YES;
				GCC_WARN_UNUSED_VARIABLE = YES;
				IPHONEOS_DEPLOYMENT_TARGET = 9.3;
				MTL_ENABLE_DEBUG_INFO = YES;
				ONLY_ACTIVE_ARCH = YES;
				SDKROOT = iphoneos;
				SWIFT_OPTIMIZATION_LEVEL = "-Onone";
				TARGETED_DEVICE_FAMILY = "1,2";
			};
			name = Debug;
		};
		0029D2A31D265AC9008F1128 /* Release */ = {
			isa = XCBuildConfiguration;
			buildSettings = {
				ALWAYS_SEARCH_USER_PATHS = NO;
				CLANG_ANALYZER_NONNULL = YES;
				CLANG_CXX_LANGUAGE_STANDARD = "gnu++0x";
				CLANG_CXX_LIBRARY = "libc++";
				CLANG_ENABLE_MODULES = YES;
				CLANG_ENABLE_OBJC_ARC = YES;
				CLANG_WARN_BOOL_CONVERSION = YES;
				CLANG_WARN_CONSTANT_CONVERSION = YES;
				CLANG_WARN_DIRECT_OBJC_ISA_USAGE = YES_ERROR;
				CLANG_WARN_EMPTY_BODY = YES;
				CLANG_WARN_ENUM_CONVERSION = YES;
				CLANG_WARN_INT_CONVERSION = YES;
				CLANG_WARN_OBJC_ROOT_CLASS = YES_ERROR;
				CLANG_WARN_UNREACHABLE_CODE = YES;
				CLANG_WARN__DUPLICATE_METHOD_MATCH = YES;
				"CODE_SIGN_IDENTITY[sdk=iphoneos*]" = "iPhone Developer";
				COPY_PHASE_STRIP = NO;
				DEBUG_INFORMATION_FORMAT = "dwarf-with-dsym";
				ENABLE_NS_ASSERTIONS = NO;
				ENABLE_STRICT_OBJC_MSGSEND = YES;
				GCC_C_LANGUAGE_STANDARD = gnu99;
				GCC_NO_COMMON_BLOCKS = YES;
				GCC_WARN_64_TO_32_BIT_CONVERSION = YES;
				GCC_WARN_ABOUT_RETURN_TYPE = YES_ERROR;
				GCC_WARN_UNDECLARED_SELECTOR = YES;
				GCC_WARN_UNINITIALIZED_AUTOS = YES_AGGRESSIVE;
				GCC_WARN_UNUSED_FUNCTION = YES;
				GCC_WARN_UNUSED_VARIABLE = YES;
				IPHONEOS_DEPLOYMENT_TARGET = 9.3;
				MTL_ENABLE_DEBUG_INFO = NO;
				SDKROOT = iphoneos;
				TARGETED_DEVICE_FAMILY = "1,2";
				VALIDATE_PRODUCT = YES;
			};
			name = Release;
		};
		0029D2A51D265AC9008F1128 /* Debug */ = {
			isa = XCBuildConfiguration;
			buildSettings = {
				ASSETCATALOG_COMPILER_APPICON_NAME = AppIcon;
				INFOPLIST_FILE = SQLite/Info.plist;
				LD_RUNPATH_SEARCH_PATHS = "$(inherited) @executable_path/Frameworks";
				PRODUCT_BUNDLE_IDENTIFIER = "Array-sort.SQLite";
				PRODUCT_NAME = "$(TARGET_NAME)";
				SWIFT_OBJC_BRIDGING_HEADER = /Users/a20141105073/Desktop/SQLite/SQLite/Header.h;
			};
			name = Debug;
		};
		0029D2A61D265AC9008F1128 /* Release */ = {
			isa = XCBuildConfiguration;
			buildSettings = {
				ASSETCATALOG_COMPILER_APPICON_NAME = AppIcon;
				INFOPLIST_FILE = SQLite/Info.plist;
				LD_RUNPATH_SEARCH_PATHS = "$(inherited) @executable_path/Frameworks";
				PRODUCT_BUNDLE_IDENTIFIER = "Array-sort.SQLite";
				PRODUCT_NAME = "$(TARGET_NAME)";
				SWIFT_OBJC_BRIDGING_HEADER = /Users/a20141105073/Desktop/SQLite/SQLite/Header.h;
			};
			name = Release;
		};
		0029D2A81D265AC9008F1128 /* Debug */ = {
			isa = XCBuildConfiguration;
			buildSettings = {
				BUNDLE_LOADER = "$(TEST_HOST)";
				INFOPLIST_FILE = SQLiteTests/Info.plist;
				LD_RUNPATH_SEARCH_PATHS = "$(inherited) @executable_path/Frameworks @loader_path/Frameworks";
				PRODUCT_BUNDLE_IDENTIFIER = "Array-sort.SQLiteTests";
				PRODUCT_NAME = "$(TARGET_NAME)";
				TEST_HOST = "$(BUILT_PRODUCTS_DIR)/SQLite.app/SQLite";
			};
			name = Debug;
		};
		0029D2A91D265AC9008F1128 /* Release */ = {
			isa = XCBuildConfiguration;
			buildSettings = {
				BUNDLE_LOADER = "$(TEST_HOST)";
				INFOPLIST_FILE = SQLiteTests/Info.plist;
				LD_RUNPATH_SEARCH_PATHS = "$(inherited) @executable_path/Frameworks @loader_path/Frameworks";
				PRODUCT_BUNDLE_IDENTIFIER = "Array-sort.SQLiteTests";
				PRODUCT_NAME = "$(TARGET_NAME)";
				TEST_HOST = "$(BUILT_PRODUCTS_DIR)/SQLite.app/SQLite";
			};
			name = Release;
		};
		0029D2AB1D265AC9008F1128 /* Debug */ = {
			isa = XCBuildConfiguration;
			buildSettings = {
				INFOPLIST_FILE = SQLiteUITests/Info.plist;
				LD_RUNPATH_SEARCH_PATHS = "$(inherited) @executable_path/Frameworks @loader_path/Frameworks";
				PRODUCT_BUNDLE_IDENTIFIER = "Array-sort.SQLiteUITests";
				PRODUCT_NAME = "$(TARGET_NAME)";
				TEST_TARGET_NAME = SQLite;
			};
			name = Debug;
		};
		0029D2AC1D265AC9008F1128 /* Release */ = {
			isa = XCBuildConfiguration;
			buildSettings = {
				INFOPLIST_FILE = SQLiteUITests/Info.plist;
				LD_RUNPATH_SEARCH_PATHS = "$(inherited) @executable_path/Frameworks @loader_path/Frameworks";
				PRODUCT_BUNDLE_IDENTIFIER = "Array-sort.SQLiteUITests";
				PRODUCT_NAME = "$(TARGET_NAME)";
				TEST_TARGET_NAME = SQLite;
			};
			name = Release;
		};
/* End XCBuildConfiguration section */

/* Begin XCConfigurationList section */
		0029D2771D265AC9008F1128 /* Build configuration list for PBXProject "SQLite" */ = {
			isa = XCConfigurationList;
			buildConfigurations = (
				0029D2A21D265AC9008F1128 /* Debug */,
				0029D2A31D265AC9008F1128 /* Release */,
			);
			defaultConfigurationIsVisible = 0;
			defaultConfigurationName = Release;
		};
		0029D2A41D265AC9008F1128 /* Build configuration list for PBXNativeTarget "SQLite" */ = {
			isa = XCConfigurationList;
			buildConfigurations = (
				0029D2A51D265AC9008F1128 /* Debug */,
				0029D2A61D265AC9008F1128 /* Release */,
			);
			defaultConfigurationIsVisible = 0;
			defaultConfigurationName = Release;
		};
		0029D2A71D265AC9008F1128 /* Build configuration list for PBXNativeTarget "SQLiteTests" */ = {
			isa = XCConfigurationList;
			buildConfigurations = (
				0029D2A81D265AC9008F1128 /* Debug */,
				0029D2A91D265AC9008F1128 /* Release */,
			);
			defaultConfigurationIsVisible = 0;
			defaultConfigurationName = Release;
		};
		0029D2AA1D265AC9008F1128 /* Build configuration list for PBXNativeTarget "SQLiteUITests" */ = {
			isa = XCConfigurationList;
			buildConfigurations = (
				0029D2AB1D265AC9008F1128 /* Debug */,
				0029D2AC1D265AC9008F1128 /* Release */,
			);
			defaultConfigurationIsVisible = 0;
			defaultConfigurationName = Release;
		};
/* End XCConfigurationList section */
	};
	rootObject = 0029D2741D265AC9008F1128 /* Project object */;
}
